
Microsoft Visual Studio Solution File, Format Version 12.00
# Visual Studio Version 17
VisualStudioVersion = 17.3.32922.545
MinimumVisualStudioVersion = 10.0.40219.1
Project("{8BC9CEB8-8B4A-11D0-8D11-00A0C91BC942}") = "P10-9", "P10-9\P10-9.vcxproj", "{3A57D120-B3B2-4944-9FC0-028BC99ACF54}"
EndProject
Global
	GlobalSection(SolutionConfigurationPlatforms) = preSolution
		Debug|x64 = Debug|x64
		Debug|x86 = Debug|x86
		Release|x64 = Release|x64
		Release|x86 = Release|x86
	EndGlobalSection
	GlobalSection(ProjectConfigurationPlatforms) = postSolution
		{3A57D120-B3B2-4944-9FC0-028BC99ACF54}.Debug|x64.ActiveCfg = Debug|x64
		{3A57D120-B3B2-4944-9FC0-028BC99ACF54}.Debug|x64.Build.0 = Debug|x64
		{3A57D120-B3B2-4944-9FC0-028BC99ACF54}.Debug|x86.ActiveCfg = Debug|Win32
		{3A57D120-B3B2-4944-9FC0-028BC99ACF54}.Debug|x86.Build.0 = Debug|Win32
		{3A57D120-B3B2-4944-9FC0-028BC99ACF54}.Release|x64.ActiveCfg = Release|x64
		{3A57D120-B3B2-4944-9FC0-028BC99ACF54}.Release|x64.Build.0 = Release|x64
		{3A57D120-B3B2-4944-9FC0-028BC99ACF54}.Release|x86.ActiveCfg = Release|Win32
		{3A57D120-B3B2-4944-9FC0-028BC99ACF54}.Release|x86.Build.0 = Release|Win32
	EndGlobalSection
	GlobalSection(SolutionProperties) = preSolution
		HideSolutionNode = FALSE
	EndGlobalSection
	GlobalSection(ExtensibilityGlobals) = postSolution
		SolutionGuid = {5F5EAD95-D157-4FE9-803C-00D15F93DD93}
	EndGlobalSection
EndGlobal
